
Microsoft Visual Studio Solution File, Format Version 12.00
# Visual Studio Version 17
VisualStudioVersion = 17.1.32228.430
MinimumVisualStudioVersion = 10.0.40219.1
Project("{9A19103F-16F7-4668-BE54-9A1E7A4F7556}") = "Undine.MonoGame.Extended.Entities", "Undine.MonoGame.Extended\Undine.MonoGame.Extended.Entities.csproj", "{6BDFB8DE-67D1-4CF6-9E58-386CE7AD7A79}"
EndProject
Project("{9A19103F-16F7-4668-BE54-9A1E7A4F7556}") = "Undine.MonoGame.Extended.Entities.Console", "Undine.MonoGame.Extended.Entities.Console\Undine.MonoGame.Extended.Entities.Console.csproj", "{723D95CA-17D8-4DF0-BAB9-6A4E9FE7336C}"
EndProject
Project("{FAE04EC0-301F-11D3-BF4B-00C04F79EFBC}") = "Undine.MonoGame.Extended.Entities.Tests", "Undine.MonoGame.Extended.Entities.Tests\Undine.MonoGame.Extended.Entities.Tests.csproj", "{31E6E0CD-6CA9-41DC-8FC9-CBAAB65792BB}"
EndProject
Global
	GlobalSection(SolutionConfigurationPlatforms) = preSolution
		Debug|Any CPU = Debug|Any CPU
		Release|Any CPU = Release|Any CPU
	EndGlobalSection
	GlobalSection(ProjectConfigurationPlatforms) = postSolution
		{6BDFB8DE-67D1-4CF6-9E58-386CE7AD7A79}.Debug|Any CPU.ActiveCfg = Debug|Any CPU
		{6BDFB8DE-67D1-4CF6-9E58-386CE7AD7A79}.Debug|Any CPU.Build.0 = Debug|Any CPU
		{6BDFB8DE-67D1-4CF6-9E58-386CE7AD7A79}.Release|Any CPU.ActiveCfg = Release|Any CPU
		{6BDFB8DE-67D1-4CF6-9E58-386CE7AD7A79}.Release|Any CPU.Build.0 = Release|Any CPU
		{723D95CA-17D8-4DF0-BAB9-6A4E9FE7336C}.Debug|Any CPU.ActiveCfg = Debug|Any CPU
		{723D95CA-17D8-4DF0-BAB9-6A4E9FE7336C}.Debug|Any CPU.Build.0 = Debug|Any CPU
		{723D95CA-17D8-4DF0-BAB9-6A4E9FE7336C}.Release|Any CPU.ActiveCfg = Release|Any CPU
		{723D95CA-17D8-4DF0-BAB9-6A4E9FE7336C}.Release|Any CPU.Build.0 = Release|Any CPU
		{31E6E0CD-6CA9-41DC-8FC9-CBAAB65792BB}.Debug|Any CPU.ActiveCfg = Debug|Any CPU
		{31E6E0CD-6CA9-41DC-8FC9-CBAAB65792BB}.Debug|Any CPU.Build.0 = Debug|Any CPU
		{31E6E0CD-6CA9-41DC-8FC9-CBAAB65792BB}.Release|Any CPU.ActiveCfg = Release|Any CPU
		{31E6E0CD-6CA9-41DC-8FC9-CBAAB65792BB}.Release|Any CPU.Build.0 = Release|Any CPU
	EndGlobalSection
	GlobalSection(SolutionProperties) = preSolution
		HideSolutionNode = FALSE
	EndGlobalSection
	GlobalSection(ExtensibilityGlobals) = postSolution
		SolutionGuid = {1B6BD9EC-D352-48C9-A92B-25E30C975DA2}
	EndGlobalSection
EndGlobal
